
Microsoft Visual Studio Solution File, Format Version 12.00
# Visual Studio Version 17
VisualStudioVersion = 17.14.36310.24
MinimumVisualStudioVersion = 10.0.40219.1
Project("{FAE04EC0-301F-11D3-BF4B-00C04F79EFBC}") = "ProductService.Api", "ProductService\ProductService.Api\ProductService.Api.csproj", "{F90DDAFF-75BF-43C7-8656-3DBD559C2653}"
EndProject
Project("{2150E333-8FDC-42A3-9474-1A3956D46DE8}") = "ProductService", "ProductService", "{36D591C7-65C7-A0D1-1CBC-10CDE441BDC8}"
EndProject
Project("{FAE04EC0-301F-11D3-BF4B-00C04F79EFBC}") = "ProductService.Logic", "ProductService\ProductService.Logic\ProductService.Logic.csproj", "{38721CA6-C6B6-4C3D-9AC9-B59D33E11034}"
EndProject
Project("{FAE04EC0-301F-11D3-BF4B-00C04F79EFBC}") = "ProductService.DAL", "ProductService\ProductService.DAL\ProductService.DAL.csproj", "{1C8A72F5-ADA1-4959-BD27-BC53208FDB8D}"
EndProject
Project("{FAE04EC0-301F-11D3-BF4B-00C04F79EFBC}") = "Core", "Core\Core.csproj", "{1EC41D6C-96A9-4111-87FA-5A4823F7FA67}"
EndProject
Project("{2150E333-8FDC-42A3-9474-1A3956D46DE8}") = "OrderService", "OrderService", "{2F10B628-3ECE-4617-A053-56464A65BB77}"
EndProject
Project("{FAE04EC0-301F-11D3-BF4B-00C04F79EFBC}") = "OrderService.API", "OrderService\OrderService.API\OrderService.API.csproj", "{CDFA81E8-979B-BA2D-9FA5-BBDE9D7E0021}"
EndProject
Project("{FAE04EC0-301F-11D3-BF4B-00C04F79EFBC}") = "OrderService.Application", "OrderService\OrderService.Application\OrderService.Application.csproj", "{9E16E264-43F6-058A-88F1-C4000557A2E2}"
EndProject
Project("{FAE04EC0-301F-11D3-BF4B-00C04F79EFBC}") = "OrderService.Domain", "OrderService\OrderService.Domain\OrderService.Domain.csproj", "{22427C13-8922-786F-A912-FF5D67196AD7}"
EndProject
Project("{FAE04EC0-301F-11D3-BF4B-00C04F79EFBC}") = "OrderService.Infrastructure", "OrderService\OrderService.Infrastructure\OrderService.Infrastructure.csproj", "{2824AE43-B55F-ECEF-88B0-8445AACA7B94}"
EndProject
Global
	GlobalSection(SolutionConfigurationPlatforms) = preSolution
		Debug|Any CPU = Debug|Any CPU
		Release|Any CPU = Release|Any CPU
	EndGlobalSection
	GlobalSection(ProjectConfigurationPlatforms) = postSolution
		{F90DDAFF-75BF-43C7-8656-3DBD559C2653}.Debug|Any CPU.ActiveCfg = Debug|Any CPU
		{F90DDAFF-75BF-43C7-8656-3DBD559C2653}.Debug|Any CPU.Build.0 = Debug|Any CPU
		{F90DDAFF-75BF-43C7-8656-3DBD559C2653}.Release|Any CPU.ActiveCfg = Release|Any CPU
		{F90DDAFF-75BF-43C7-8656-3DBD559C2653}.Release|Any CPU.Build.0 = Release|Any CPU
		{38721CA6-C6B6-4C3D-9AC9-B59D33E11034}.Debug|Any CPU.ActiveCfg = Debug|Any CPU
		{38721CA6-C6B6-4C3D-9AC9-B59D33E11034}.Debug|Any CPU.Build.0 = Debug|Any CPU
		{38721CA6-C6B6-4C3D-9AC9-B59D33E11034}.Release|Any CPU.ActiveCfg = Release|Any CPU
		{38721CA6-C6B6-4C3D-9AC9-B59D33E11034}.Release|Any CPU.Build.0 = Release|Any CPU
		{1C8A72F5-ADA1-4959-BD27-BC53208FDB8D}.Debug|Any CPU.ActiveCfg = Debug|Any CPU
		{1C8A72F5-ADA1-4959-BD27-BC53208FDB8D}.Debug|Any CPU.Build.0 = Debug|Any CPU
		{1C8A72F5-ADA1-4959-BD27-BC53208FDB8D}.Release|Any CPU.ActiveCfg = Release|Any CPU
		{1C8A72F5-ADA1-4959-BD27-BC53208FDB8D}.Release|Any CPU.Build.0 = Release|Any CPU
		{1EC41D6C-96A9-4111-87FA-5A4823F7FA67}.Debug|Any CPU.ActiveCfg = Debug|Any CPU
		{1EC41D6C-96A9-4111-87FA-5A4823F7FA67}.Debug|Any CPU.Build.0 = Debug|Any CPU
		{1EC41D6C-96A9-4111-87FA-5A4823F7FA67}.Release|Any CPU.ActiveCfg = Release|Any CPU
		{1EC41D6C-96A9-4111-87FA-5A4823F7FA67}.Release|Any CPU.Build.0 = Release|Any CPU
		{CDFA81E8-979B-BA2D-9FA5-BBDE9D7E0021}.Debug|Any CPU.ActiveCfg = Debug|Any CPU
		{CDFA81E8-979B-BA2D-9FA5-BBDE9D7E0021}.Debug|Any CPU.Build.0 = Debug|Any CPU
		{CDFA81E8-979B-BA2D-9FA5-BBDE9D7E0021}.Release|Any CPU.ActiveCfg = Release|Any CPU
		{CDFA81E8-979B-BA2D-9FA5-BBDE9D7E0021}.Release|Any CPU.Build.0 = Release|Any CPU
		{9E16E264-43F6-058A-88F1-C4000557A2E2}.Debug|Any CPU.ActiveCfg = Debug|Any CPU
		{9E16E264-43F6-058A-88F1-C4000557A2E2}.Debug|Any CPU.Build.0 = Debug|Any CPU
		{9E16E264-43F6-058A-88F1-C4000557A2E2}.Release|Any CPU.ActiveCfg = Release|Any CPU
		{9E16E264-43F6-058A-88F1-C4000557A2E2}.Release|Any CPU.Build.0 = Release|Any CPU
		{22427C13-8922-786F-A912-FF5D67196AD7}.Debug|Any CPU.ActiveCfg = Debug|Any CPU
		{22427C13-8922-786F-A912-FF5D67196AD7}.Debug|Any CPU.Build.0 = Debug|Any CPU
		{22427C13-8922-786F-A912-FF5D67196AD7}.Release|Any CPU.ActiveCfg = Release|Any CPU
		{22427C13-8922-786F-A912-FF5D67196AD7}.Release|Any CPU.Build.0 = Release|Any CPU
		{2824AE43-B55F-ECEF-88B0-8445AACA7B94}.Debug|Any CPU.ActiveCfg = Debug|Any CPU
		{2824AE43-B55F-ECEF-88B0-8445AACA7B94}.Debug|Any CPU.Build.0 = Debug|Any CPU
		{2824AE43-B55F-ECEF-88B0-8445AACA7B94}.Release|Any CPU.ActiveCfg = Release|Any CPU
		{2824AE43-B55F-ECEF-88B0-8445AACA7B94}.Release|Any CPU.Build.0 = Release|Any CPU
	EndGlobalSection
	GlobalSection(SolutionProperties) = preSolution
		HideSolutionNode = FALSE
	EndGlobalSection
	GlobalSection(NestedProjects) = preSolution
		{F90DDAFF-75BF-43C7-8656-3DBD559C2653} = {36D591C7-65C7-A0D1-1CBC-10CDE441BDC8}
		{38721CA6-C6B6-4C3D-9AC9-B59D33E11034} = {36D591C7-65C7-A0D1-1CBC-10CDE441BDC8}
		{1C8A72F5-ADA1-4959-BD27-BC53208FDB8D} = {36D591C7-65C7-A0D1-1CBC-10CDE441BDC8}
		{CDFA81E8-979B-BA2D-9FA5-BBDE9D7E0021} = {2F10B628-3ECE-4617-A053-56464A65BB77}
		{9E16E264-43F6-058A-88F1-C4000557A2E2} = {2F10B628-3ECE-4617-A053-56464A65BB77}
		{22427C13-8922-786F-A912-FF5D67196AD7} = {2F10B628-3ECE-4617-A053-56464A65BB77}
		{2824AE43-B55F-ECEF-88B0-8445AACA7B94} = {2F10B628-3ECE-4617-A053-56464A65BB77}
	EndGlobalSection
	GlobalSection(ExtensibilityGlobals) = postSolution
		FileExplorer = |Docker\
		SolutionGuid = {D832F37E-1E2E-44DC-B7D5-EDBFE5104525}
	EndGlobalSection
EndGlobal
